Microsoft Visual Studio Solution File, Format Version 12.00
# Visual Studio Version 17
VisualStudioVersion = 17.7.33808.371
MinimumVisualStudioVersion = 10.0.40219.1
Project("{2150E333-8FDC-42A3-9474-1A3956D46DE8}") = "_Libraries", "_Libraries", "{EB910B0D-F27D-4B62-B67B-DE834C99AC5B}"
EndProject
Project("{8BC9CEB8-8B4A-11D0-8D11-00A0C91BC942}") = "libtiff", "libs\win32\libtiff\libtiff.vcxproj", "{401A40CD-5DB4-4E34-AC68-FA99E9FAC014}"
EndProject
Project("{8BC9CEB8-8B4A-11D0-8D11-00A0C91BC942}") = "libspandsp", "libs\win32\spandsp\libspandsp.vcxproj", "{1CBB0077-18C5-455F-801C-0A0CE7B0BBF5}"
EndProject
Project("{8BC9CEB8-8B4A-11D0-8D11-00A0C91BC942}") = "make_at_dictionary", "libs\win32\spandsp\make_at_dictionary.vcxproj", "{DEE932AB-5911-4700-9EEB-8C7090A0A330}"
EndProject
Project("{8BC9CEB8-8B4A-11D0-8D11-00A0C91BC942}") = "make_modem_filter", "libs\win32\spandsp\make_modem_filter.vcxproj", "{329A6FA0-0FCC-4435-A950-E670AEFA9838}"
EndProject
Project("{8BC9CEB8-8B4A-11D0-8D11-00A0C91BC942}") = "libjpeg", "libs\win32\libjpeg\libjpeg.vcxproj", "{019DBD2A-273D-4BA4-BF86-B5EFE2ED76B1}"
EndProject
Project("{8BC9CEB8-8B4A-11D0-8D11-00A0C91BC942}") = "make_math_fixed_tables", "libs\win32\spandsp\make_math_fixed_tables.vcxproj", "{2386B892-35F5-46CF-A0F0-10394D2FBF9B}"
EndProject
Project("{8BC9CEB8-8B4A-11D0-8D11-00A0C91BC942}") = "make_cielab_luts", "libs\win32\spandsp\make_cielab_luts.vcxproj", "{85F0CF8C-C7AB-48F6-BA19-CC94CF87F981}"
EndProject
Project("{8BC9CEB8-8B4A-11D0-8D11-00A0C91BC942}") = "make_t43_gray_code_tables", "libs\win32\spandsp\make_t43_gray_code_tables.vcxproj", "{EDDB8AB9-C53E-44C0-A620-0E86C2CBD5D5}"
EndProject
Global
	GlobalSection(SolutionConfigurationPlatforms) = preSolution
		All|Win32 = All|Win32
		All|x64 = All|x64
		Debug|Win32 = Debug|Win32
		Debug|x64 = Debug|x64
		Debug-static|Win32 = Debug-static|Win32
		Debug-static|x64 = Debug-static|x64
		Release|Win32 = Release|Win32
		Release|x64 = Release|x64
		Release-static|Win32 = Release-static|Win32
		Release-static|x64 = Release-static|x64
	EndGlobalSection
	GlobalSection(ProjectConfigurationPlatforms) = postSolution
		{401A40CD-5DB4-4E34-AC68-FA99E9FAC014}.All|Win32.ActiveCfg = Release|x64
		{401A40CD-5DB4-4E34-AC68-FA99E9FAC014}.All|x64.ActiveCfg = Release|x64
		{401A40CD-5DB4-4E34-AC68-FA99E9FAC014}.All|x64.Build.0 = Release|x64
		{401A40CD-5DB4-4E34-AC68-FA99E9FAC014}.Debug|Win32.ActiveCfg = Debug|Win32
		{401A40CD-5DB4-4E34-AC68-FA99E9FAC014}.Debug|Win32.Build.0 = Debug|Win32
		{401A40CD-5DB4-4E34-AC68-FA99E9FAC014}.Debug|x64.ActiveCfg = Debug|x64
		{401A40CD-5DB4-4E34-AC68-FA99E9FAC014}.Debug|x64.Build.0 = Debug|x64
		{401A40CD-5DB4-4E34-AC68-FA99E9FAC014}.Debug-static|Win32.ActiveCfg = Debug-static|Win32
		{401A40CD-5DB4-4E34-AC68-FA99E9FAC014}.Debug-static|Win32.Build.0 = Debug-static|Win32
		{401A40CD-5DB4-4E34-AC68-FA99E9FAC014}.Debug-static|x64.ActiveCfg = Debug-static|x64
		{401A40CD-5DB4-4E34-AC68-FA99E9FAC014}.Debug-static|x64.Build.0 = Debug-static|x64
		{401A40CD-5DB4-4E34-AC68-FA99E9FAC014}.Release|Win32.ActiveCfg = Release|Win32
		{401A40CD-5DB4-4E34-AC68-FA99E9FAC014}.Release|Win32.Build.0 = Release|Win32
		{401A40CD-5DB4-4E34-AC68-FA99E9FAC014}.Release|x64.ActiveCfg = Release|x64
		{401A40CD-5DB4-4E34-AC68-FA99E9FAC014}.Release|x64.Build.0 = Release|x64
		{401A40CD-5DB4-4E34-AC68-FA99E9FAC014}.Release-static|Win32.ActiveCfg = Release-static|Win32
		{401A40CD-5DB4-4E34-AC68-FA99E9FAC014}.Release-static|Win32.Build.0 = Release-static|Win32
		{401A40CD-5DB4-4E34-AC68-FA99E9FAC014}.Release-static|x64.ActiveCfg = Release-static|x64
		{401A40CD-5DB4-4E34-AC68-FA99E9FAC014}.Release-static|x64.Build.0 = Release-static|x64
		{1CBB0077-18C5-455F-801C-0A0CE7B0BBF5}.All|Win32.ActiveCfg = Release|x64
		{1CBB0077-18C5-455F-801C-0A0CE7B0BBF5}.All|x64.ActiveCfg = Release|x64
		{1CBB0077-18C5-455F-801C-0A0CE7B0BBF5}.All|x64.Build.0 = Release|x64
		{1CBB0077-18C5-455F-801C-0A0CE7B0BBF5}.Debug|Win32.ActiveCfg = Debug|Win32
		{1CBB0077-18C5-455F-801C-0A0CE7B0BBF5}.Debug|Win32.Build.0 = Debug|Win32
		{1CBB0077-18C5-455F-801C-0A0CE7B0BBF5}.Debug|x64.ActiveCfg = Debug|x64
		{1CBB0077-18C5-455F-801C-0A0CE7B0BBF5}.Debug|x64.Build.0 = Debug|x64
		{1CBB0077-18C5-455F-801C-0A0CE7B0BBF5}.Debug-static|Win32.ActiveCfg = Debug-static|Win32
		{1CBB0077-18C5-455F-801C-0A0CE7B0BBF5}.Debug-static|Win32.Build.0 = Debug-static|Win32
		{1CBB0077-18C5-455F-801C-0A0CE7B0BBF5}.Debug-static|x64.ActiveCfg = Debug-static|x64
		{1CBB0077-18C5-455F-801C-0A0CE7B0BBF5}.Debug-static|x64.Build.0 = Debug-static|x64
		{1CBB0077-18C5-455F-801C-0A0CE7B0BBF5}.Release|Win32.ActiveCfg = Release|Win32
		{1CBB0077-18C5-455F-801C-0A0CE7B0BBF5}.Release|Win32.Build.0 = Release|Win32
		{1CBB0077-18C5-455F-801C-0A0CE7B0BBF5}.Release|x64.ActiveCfg = Release|x64
		{1CBB0077-18C5-455F-801C-0A0CE7B0BBF5}.Release|x64.Build.0 = Release|x64
		{1CBB0077-18C5-455F-801C-0A0CE7B0BBF5}.Release-static|Win32.ActiveCfg = Release-static|Win32
		{1CBB0077-18C5-455F-801C-0A0CE7B0BBF5}.Release-static|Win32.Build.0 = Release-static|Win32
		{1CBB0077-18C5-455F-801C-0A0CE7B0BBF5}.Release-static|x64.ActiveCfg = Release-static|x64
		{1CBB0077-18C5-455F-801C-0A0CE7B0BBF5}.Release-static|x64.Build.0 = Release-static|x64
		{DEE932AB-5911-4700-9EEB-8C7090A0A330}.All|Win32.ActiveCfg = All|Win32
		{DEE932AB-5911-4700-9EEB-8C7090A0A330}.All|Win32.Build.0 = All|Win32
		{DEE932AB-5911-4700-9EEB-8C7090A0A330}.All|x64.ActiveCfg = All|Win32
		{DEE932AB-5911-4700-9EEB-8C7090A0A330}.Debug|Win32.ActiveCfg = All|Win32
		{DEE932AB-5911-4700-9EEB-8C7090A0A330}.Debug|Win32.Build.0 = All|Win32
		{DEE932AB-5911-4700-9EEB-8C7090A0A330}.Debug|x64.ActiveCfg = All|Win32
		{DEE932AB-5911-4700-9EEB-8C7090A0A330}.Debug|x64.Build.0 = All|Win32
		{DEE932AB-5911-4700-9EEB-8C7090A0A330}.Debug-static|Win32.ActiveCfg = Debug-static|Win32
		{DEE932AB-5911-4700-9EEB-8C7090A0A330}.Debug-static|Win32.Build.0 = Debug-static|Win32
		{DEE932AB-5911-4700-9EEB-8C7090A0A330}.Debug-static|x64.ActiveCfg = Debug-static|Win32
		{DEE932AB-5911-4700-9EEB-8C7090A0A330}.Debug-static|x64.Build.0 = Debug-static|Win32
		{DEE932AB-5911-4700-9EEB-8C7090A0A330}.Release|Win32.ActiveCfg = All|Win32
		{DEE932AB-5911-4700-9EEB-8C7090A0A330}.Release|Win32.Build.0 = All|Win32
		{DEE932AB-5911-4700-9EEB-8C7090A0A330}.Release|x64.ActiveCfg = All|Win32
		{DEE932AB-5911-4700-9EEB-8C7090A0A330}.Release|x64.Build.0 = All|Win32
		{DEE932AB-5911-4700-9EEB-8C7090A0A330}.Release-static|Win32.ActiveCfg = Debug-static|Win32
		{DEE932AB-5911-4700-9EEB-8C7090A0A330}.Release-static|Win32.Build.0 = Debug-static|Win32
		{DEE932AB-5911-4700-9EEB-8C7090A0A330}.Release-static|x64.ActiveCfg = Debug-static|Win32
		{DEE932AB-5911-4700-9EEB-8C7090A0A330}.Release-static|x64.Build.0 = Debug-static|Win32
		{329A6FA0-0FCC-4435-A950-E670AEFA9838}.All|Win32.ActiveCfg = All|Win32
		{329A6FA0-0FCC-4435-A950-E670AEFA9838}.All|Win32.Build.0 = All|Win32
		{329A6FA0-0FCC-4435-A950-E670AEFA9838}.All|x64.ActiveCfg = All|Win32
		{329A6FA0-0FCC-4435-A950-E670AEFA9838}.Debug|Win32.ActiveCfg = All|Win32
		{329A6FA0-0FCC-4435-A950-E670AEFA9838}.Debug|Win32.Build.0 = All|Win32
		{329A6FA0-0FCC-4435-A950-E670AEFA9838}.Debug|x64.ActiveCfg = All|Win32
		{329A6FA0-0FCC-4435-A950-E670AEFA9838}.Debug|x64.Build.0 = All|Win32
		{329A6FA0-0FCC-4435-A950-E670AEFA9838}.Debug-static|Win32.ActiveCfg = Debug-static|Win32
		{329A6FA0-0FCC-4435-A950-E670AEFA9838}.Debug-static|Win32.Build.0 = Debug-static|Win32
		{329A6FA0-0FCC-4435-A950-E670AEFA9838}.Debug-static|x64.ActiveCfg = Debug-static|Win32
		{329A6FA0-0FCC-4435-A950-E670AEFA9838}.Debug-static|x64.Build.0 = Debug-static|Win32
		{329A6FA0-0FCC-4435-A950-E670AEFA9838}.Release|Win32.ActiveCfg = All|Win32
		{329A6FA0-0FCC-4435-A950-E670AEFA9838}.Release|Win32.Build.0 = All|Win32
		{329A6FA0-0FCC-4435-A950-E670AEFA9838}.Release|x64.ActiveCfg = All|Win32
		{329A6FA0-0FCC-4435-A950-E670AEFA9838}.Release|x64.Build.0 = All|Win32
		{329A6FA0-0FCC-4435-A950-E670AEFA9838}.Release-static|Win32.ActiveCfg = Debug-static|Win32
		{329A6FA0-0FCC-4435-A950-E670AEFA9838}.Release-static|Win32.Build.0 = Debug-static|Win32
		{329A6FA0-0FCC-4435-A950-E670AEFA9838}.Release-static|x64.ActiveCfg = Debug-static|Win32
		{329A6FA0-0FCC-4435-A950-E670AEFA9838}.Release-static|x64.Build.0 = Debug-static|Win32
		{019DBD2A-273D-4BA4-BF86-B5EFE2ED76B1}.All|Win32.ActiveCfg = Release|Win32
		{019DBD2A-273D-4BA4-BF86-B5EFE2ED76B1}.All|Win32.Build.0 = Release|Win32
		{019DBD2A-273D-4BA4-BF86-B5EFE2ED76B1}.All|x64.ActiveCfg = Release|Win32
		{019DBD2A-273D-4BA4-BF86-B5EFE2ED76B1}.Debug|Win32.ActiveCfg = Debug|Win32
		{019DBD2A-273D-4BA4-BF86-B5EFE2ED76B1}.Debug|Win32.Build.0 = Debug|Win32
		{019DBD2A-273D-4BA4-BF86-B5EFE2ED76B1}.Debug|x64.ActiveCfg = Debug|x64
		{019DBD2A-273D-4BA4-BF86-B5EFE2ED76B1}.Debug|x64.Build.0 = Debug|x64
		{019DBD2A-273D-4BA4-BF86-B5EFE2ED76B1}.Debug-static|Win32.ActiveCfg = Debug-static|Win32
		{019DBD2A-273D-4BA4-BF86-B5EFE2ED76B1}.Debug-static|Win32.Build.0 = Debug-static|Win32
		{019DBD2A-273D-4BA4-BF86-B5EFE2ED76B1}.Debug-static|x64.ActiveCfg = Debug-static|x64
		{019DBD2A-273D-4BA4-BF86-B5EFE2ED76B1}.Debug-static|x64.Build.0 = Debug-static|x64
		{019DBD2A-273D-4BA4-BF86-B5EFE2ED76B1}.Release|Win32.ActiveCfg = Release|Win32
		{019DBD2A-273D-4BA4-BF86-B5EFE2ED76B1}.Release|Win32.Build.0 = Release|Win32
		{019DBD2A-273D-4BA4-BF86-B5EFE2ED76B1}.Release|x64.ActiveCfg = Release|x64
		{019DBD2A-273D-4BA4-BF86-B5EFE2ED76B1}.Release|x64.Build.0 = Release|x64
		{019DBD2A-273D-4BA4-BF86-B5EFE2ED76B1}.Release-static|Win32.ActiveCfg = Release|Win32
		{019DBD2A-273D-4BA4-BF86-B5EFE2ED76B1}.Release-static|Win32.Build.0 = Release|Win32
		{019DBD2A-273D-4BA4-BF86-B5EFE2ED76B1}.Release-static|x64.ActiveCfg = Release|x64
		{019DBD2A-273D-4BA4-BF86-B5EFE2ED76B1}.Release-static|x64.Build.0 = Release|x64
		{2386B892-35F5-46CF-A0F0-10394D2FBF9B}.All|Win32.ActiveCfg = All|Win32
		{2386B892-35F5-46CF-A0F0-10394D2FBF9B}.All|Win32.Build.0 = All|Win32
		{2386B892-35F5-46CF-A0F0-10394D2FBF9B}.All|x64.ActiveCfg = All|Win32
		{2386B892-35F5-46CF-A0F0-10394D2FBF9B}.Debug|Win32.ActiveCfg = All|Win32
		{2386B892-35F5-46CF-A0F0-10394D2FBF9B}.Debug|Win32.Build.0 = All|Win32
		{2386B892-35F5-46CF-A0F0-10394D2FBF9B}.Debug|x64.ActiveCfg = All|Win32
		{2386B892-35F5-46CF-A0F0-10394D2FBF9B}.Debug|x64.Build.0 = All|Win32
		{2386B892-35F5-46CF-A0F0-10394D2FBF9B}.Debug-static|Win32.ActiveCfg = Debug-static|Win32
		{2386B892-35F5-46CF-A0F0-10394D2FBF9B}.Debug-static|Win32.Build.0 = Debug-static|Win32
		{2386B892-35F5-46CF-A0F0-10394D2FBF9B}.Debug-static|x64.ActiveCfg = Debug-static|Win32
		{2386B892-35F5-46CF-A0F0-10394D2FBF9B}.Debug-static|x64.Build.0 = Debug-static|Win32
		{2386B892-35F5-46CF-A0F0-10394D2FBF9B}.Release|Win32.ActiveCfg = All|Win32
		{2386B892-35F5-46CF-A0F0-10394D2FBF9B}.Release|Win32.Build.0 = All|Win32
		{2386B892-35F5-46CF-A0F0-10394D2FBF9B}.Release|x64.ActiveCfg = All|Win32
		{2386B892-35F5-46CF-A0F0-10394D2FBF9B}.Release|x64.Build.0 = All|Win32
		{2386B892-35F5-46CF-A0F0-10394D2FBF9B}.Release-static|Win32.ActiveCfg = Debug-static|Win32
		{2386B892-35F5-46CF-A0F0-10394D2FBF9B}.Release-static|Win32.Build.0 = Debug-static|Win32
		{2386B892-35F5-46CF-A0F0-10394D2FBF9B}.Release-static|x64.ActiveCfg = Debug-static|Win32
		{2386B892-35F5-46CF-A0F0-10394D2FBF9B}.Release-static|x64.Build.0 = Debug-static|Win32
		{85F0CF8C-C7AB-48F6-BA19-CC94CF87F981}.All|Win32.ActiveCfg = All|Win32
		{85F0CF8C-C7AB-48F6-BA19-CC94CF87F981}.All|Win32.Build.0 = All|Win32
		{85F0CF8C-C7AB-48F6-BA19-CC94CF87F981}.All|x64.ActiveCfg = All|Win32
		{85F0CF8C-C7AB-48F6-BA19-CC94CF87F981}.Debug|Win32.ActiveCfg = All|Win32
		{85F0CF8C-C7AB-48F6-BA19-CC94CF87F981}.Debug|Win32.Build.0 = All|Win32
		{85F0CF8C-C7AB-48F6-BA19-CC94CF87F981}.Debug|x64.ActiveCfg = All|Win32
		{85F0CF8C-C7AB-48F6-BA19-CC94CF87F981}.Debug|x64.Build.0 = All|Win32
		{85F0CF8C-C7AB-48F6-BA19-CC94CF87F981}.Debug-static|Win32.ActiveCfg = Debug-static|Win32
		{85F0CF8C-C7AB-48F6-BA19-CC94CF87F981}.Debug-static|Win32.Build.0 = Debug-static|Win32
		{85F0CF8C-C7AB-48F6-BA19-CC94CF87F981}.Debug-static|x64.ActiveCfg = Debug-static|Win32
		{85F0CF8C-C7AB-48F6-BA19-CC94CF87F981}.Debug-static|x64.Build.0 = Debug-static|Win32
		{85F0CF8C-C7AB-48F6-BA19-CC94CF87F981}.Release|Win32.ActiveCfg = All|Win32
		{85F0CF8C-C7AB-48F6-BA19-CC94CF87F981}.Release|Win32.Build.0 = All|Win32
		{85F0CF8C-C7AB-48F6-BA19-CC94CF87F981}.Release|x64.ActiveCfg = All|Win32
		{85F0CF8C-C7AB-48F6-BA19-CC94CF87F981}.Release|x64.Build.0 = All|Win32
		{85F0CF8C-C7AB-48F6-BA19-CC94CF87F981}.Release-static|Win32.ActiveCfg = Debug-static|Win32
		{85F0CF8C-C7AB-48F6-BA19-CC94CF87F981}.Release-static|Win32.Build.0 = Debug-static|Win32
		{85F0CF8C-C7AB-48F6-BA19-CC94CF87F981}.Release-static|x64.ActiveCfg = Debug-static|Win32
		{85F0CF8C-C7AB-48F6-BA19-CC94CF87F981}.Release-static|x64.Build.0 = Debug-static|Win32
		{EDDB8AB9-C53E-44C0-A620-0E86C2CBD5D5}.All|Win32.ActiveCfg = All|Win32
		{EDDB8AB9-C53E-44C0-A620-0E86C2CBD5D5}.All|Win32.Build.0 = All|Win32
		{EDDB8AB9-C53E-44C0-A620-0E86C2CBD5D5}.All|x64.ActiveCfg = All|Win32
		{EDDB8AB9-C53E-44C0-A620-0E86C2CBD5D5}.Debug|Win32.ActiveCfg = All|Win32
		{EDDB8AB9-C53E-44C0-A620-0E86C2CBD5D5}.Debug|Win32.Build.0 = All|Win32
		{EDDB8AB9-C53E-44C0-A620-0E86C2CBD5D5}.Debug|x64.ActiveCfg = All|Win32
		{EDDB8AB9-C53E-44C0-A620-0E86C2CBD5D5}.Debug|x64.Build.0 = All|Win32
		{EDDB8AB9-C53E-44C0-A620-0E86C2CBD5D5}.Debug-static|Win32.ActiveCfg = Debug-static|Win32
		{EDDB8AB9-C53E-44C0-A620-0E86C2CBD5D5}.Debug-static|Win32.Build.0 = Debug-static|Win32
		{EDDB8AB9-C53E-44C0-A620-0E86C2CBD5D5}.Debug-static|x64.ActiveCfg = Debug-static|Win32
		{EDDB8AB9-C53E-44C0-A620-0E86C2CBD5D5}.Debug-static|x64.Build.0 = Debug-static|Win32
		{EDDB8AB9-C53E-44C0-A620-0E86C2CBD5D5}.Release|Win32.ActiveCfg = All|Win32
		{EDDB8AB9-C53E-44C0-A620-0E86C2CBD5D5}.Release|Win32.Build.0 = All|Win32
		{EDDB8AB9-C53E-44C0-A620-0E86C2CBD5D5}.Release|x64.ActiveCfg = All|Win32
		{EDDB8AB9-C53E-44C0-A620-0E86C2CBD5D5}.Release|x64.Build.0 = All|Win32
		{EDDB8AB9-C53E-44C0-A620-0E86C2CBD5D5}.Release-static|Win32.ActiveCfg = Debug-static|Win32
		{EDDB8AB9-C53E-44C0-A620-0E86C2CBD5D5}.Release-static|Win32.Build.0 = Debug-static|Win32
		{EDDB8AB9-C53E-44C0-A620-0E86C2CBD5D5}.Release-static|x64.ActiveCfg = Debug-static|Win32
		{EDDB8AB9-C53E-44C0-A620-0E86C2CBD5D5}.Release-static|x64.Build.0 = Debug-static|Win32
	EndGlobalSection
	GlobalSection(SolutionProperties) = preSolution
		HideSolutionNode = FALSE
	EndGlobalSection
	GlobalSection(NestedProjects) = preSolution
		{401A40CD-5DB4-4E34-AC68-FA99E9FAC014} = {EB910B0D-F27D-4B62-B67B-DE834C99AC5B}
		{DEE932AB-5911-4700-9EEB-8C7090A0A330} = {EB910B0D-F27D-4B62-B67B-DE834C99AC5B}
		{329A6FA0-0FCC-4435-A950-E670AEFA9838} = {EB910B0D-F27D-4B62-B67B-DE834C99AC5B}
		{019DBD2A-273D-4BA4-BF86-B5EFE2ED76B1} = {EB910B0D-F27D-4B62-B67B-DE834C99AC5B}
		{2386B892-35F5-46CF-A0F0-10394D2FBF9B} = {EB910B0D-F27D-4B62-B67B-DE834C99AC5B}
		{85F0CF8C-C7AB-48F6-BA19-CC94CF87F981} = {EB910B0D-F27D-4B62-B67B-DE834C99AC5B}
		{EDDB8AB9-C53E-44C0-A620-0E86C2CBD5D5} = {EB910B0D-F27D-4B62-B67B-DE834C99AC5B}
	EndGlobalSection
	GlobalSection(ExtensibilityGlobals) = postSolution
		SolutionGuid = {09840DE7-9208-45AA-9667-1A71EE93BD1E}
	EndGlobalSection
EndGlobal
